
Microsoft Visual Studio Solution File, Format Version 12.00
# Visual Studio 15
VisualStudioVersion = 15.0.28307.572
MinimumVisualStudioVersion = 10.0.40219.1
Project("{2150E333-8FDC-42A3-9474-1A3956D46DE8}") = "Creational Patterns", "Creational Patterns", "{BE4846B8-E907-4E6C-AAF5-41AE2E45E6B6}"
EndProject
Project("{9A19103F-16F7-4668-BE54-9A1E7A4F7556}") = "Abstract Factory", "Creational Patterns\Abstract Factory\Abstract Factory.csproj", "{1726EA67-FFB0-444A-A62A-F684C1C03CFF}"
EndProject
Project("{2150E333-8FDC-42A3-9474-1A3956D46DE8}") = "Structural Patterns", "Structural Patterns", "{FA8A1C90-26E2-4D68-8362-543AA5F99CCD}"
EndProject
Project("{9A19103F-16F7-4668-BE54-9A1E7A4F7556}") = "Adapter", "Structual Patterns\Adapter\Adapter.csproj", "{7AA01EC1-6ECF-4C82-BAFC-2FE2563910B2}"
EndProject
Project("{2150E333-8FDC-42A3-9474-1A3956D46DE8}") = "Behavioral Patterns", "Behavioral Patterns", "{09F1A4DD-0CF5-42FD-BE5F-1D71C6099594}"
EndProject
Project("{9A19103F-16F7-4668-BE54-9A1E7A4F7556}") = "Chain of Responsibility", "Behavioral Patterns\Chain of Responsibility\Chain of Responsibility.csproj", "{676BDD01-DA60-45CE-B3B1-7B399D4B3A14}"
EndProject
Project("{2150E333-8FDC-42A3-9474-1A3956D46DE8}") = "Tests", "Tests", "{F4CC035B-206E-40BD-A631-1DC2C54347B0}"
EndProject
Project("{9A19103F-16F7-4668-BE54-9A1E7A4F7556}") = "Test.Abstract Factory", "Creational Patterns\Tests\Test.Abstract Factory\Test.Abstract Factory.csproj", "{4276FE89-77D0-4754-8D68-1E4CBFE3FF0C}"
EndProject
Project("{9A19103F-16F7-4668-BE54-9A1E7A4F7556}") = "Test.Builder", "Creational Patterns\Tests\Test.Builder\Test.Builder.csproj", "{2517C338-2F81-4648-9B17-9C38C329389E}"
EndProject
Project("{2150E333-8FDC-42A3-9474-1A3956D46DE8}") = "Tests", "Tests", "{7AD3AFA4-7059-4665-89E2-F70EC0976C5D}"
EndProject
Project("{9A19103F-16F7-4668-BE54-9A1E7A4F7556}") = "Builder", "Creational Patterns\Builder\Builder.csproj", "{2C3D38F8-81A6-43A6-82AA-5374798DFE84}"
EndProject
Project("{9A19103F-16F7-4668-BE54-9A1E7A4F7556}") = "Test.Adapter", "Structual Patterns\Tests\Test.Adapter\Test.Adapter\Test.Adapter.csproj", "{2FBDAE15-7565-4B20-A6DF-AF56F2DC6F0A}"
EndProject
Project("{9A19103F-16F7-4668-BE54-9A1E7A4F7556}") = "Factory Method", "Creational Patterns\Factory Method\Factory Method.csproj", "{C6641B24-0090-4909-B7C2-5DD3546BA18C}"
EndProject
Project("{9A19103F-16F7-4668-BE54-9A1E7A4F7556}") = "Prototype", "Creational Patterns\Prototype\Prototype.csproj", "{37EA28CC-23F9-4CAA-A3A0-70646158B959}"
EndProject
Project("{9A19103F-16F7-4668-BE54-9A1E7A4F7556}") = "Singleton", "Creational Patterns\Singleton\Singleton.csproj", "{9FADD51B-5AE9-452D-B249-C815E5D77086}"
EndProject
Project("{9A19103F-16F7-4668-BE54-9A1E7A4F7556}") = "Test.Singleton", "Creational Patterns\Tests\Test.Singleton\Test.Singleton.csproj", "{6C39CDB1-2336-456D-AA49-03DE043C6E51}"
EndProject
Project("{9A19103F-16F7-4668-BE54-9A1E7A4F7556}") = "Test.Prototype", "Creational Patterns\Tests\Test.Prototype\Test.Prototype.csproj", "{DB4DA10E-E181-4D62-8BF5-48E04405AC64}"
EndProject
Project("{9A19103F-16F7-4668-BE54-9A1E7A4F7556}") = "Test.Factory Method", "Creational Patterns\Tests\Test.Factory Method\Test.Factory Method.csproj", "{947B12E1-9357-4DE5-A90B-C35683BA07E0}"
EndProject
Project("{9A19103F-16F7-4668-BE54-9A1E7A4F7556}") = "Bridge", "Structual Patterns\Bridge\Bridge.csproj", "{35B11073-8074-48B1-81C4-C0F77040875E}"
EndProject
Project("{9A19103F-16F7-4668-BE54-9A1E7A4F7556}") = "Test.Bridge", "Structual Patterns\Tests\Test.Bridge\Test.Bridge.csproj", "{94F0A974-6F6C-408F-8CB4-B762F1D9E617}"
EndProject
Project("{9A19103F-16F7-4668-BE54-9A1E7A4F7556}") = "Composite", "Structual Patterns\Composite\Composite.csproj", "{78CA44F0-4604-47DE-A5BF-A1E73E920C75}"
EndProject
Project("{9A19103F-16F7-4668-BE54-9A1E7A4F7556}") = "Test.Composite", "Structual Patterns\Tests\Test.Composite\Test.Composite.csproj", "{811C8829-D824-4C47-A444-4F76642FA625}"
EndProject
Project("{9A19103F-16F7-4668-BE54-9A1E7A4F7556}") = "Decorator", "Structual Patterns\Decorator\Decorator.csproj", "{105D4ED3-B471-4583-8B7C-F17F82723A21}"
EndProject
Project("{9A19103F-16F7-4668-BE54-9A1E7A4F7556}") = "Test.Decorator", "Structual Patterns\Tests\Test.Decorator\Test.Decorator.csproj", "{1A93824D-D905-4706-B2FE-6AA4BBB186F2}"
EndProject
Project("{9A19103F-16F7-4668-BE54-9A1E7A4F7556}") = "Facade", "Structual Patterns\Facade\Facade.csproj", "{152337AB-3292-4924-8A78-AC3E32AC754F}"
EndProject
Project("{9A19103F-16F7-4668-BE54-9A1E7A4F7556}") = "Flyweight", "Structual Patterns\Flyweight\Flyweight.csproj", "{57CFB407-AB90-4DFC-B371-134A5AAEDA89}"
EndProject
Project("{9A19103F-16F7-4668-BE54-9A1E7A4F7556}") = "Test.Flyweight", "Structual Patterns\Tests\Test.Flyweight\Test.Flyweight.csproj", "{3DD3F0E9-E052-42A1-BA62-0C1027A5F3E6}"
EndProject
Project("{9A19103F-16F7-4668-BE54-9A1E7A4F7556}") = "Test.Facade", "Structual Patterns\Tests\Test.Facade\Test.Facade.csproj", "{E232EDD5-3A83-43CA-8549-7566C669E913}"
EndProject
Project("{FAE04EC0-301F-11D3-BF4B-00C04F79EFBC}") = "Proxy", "Structual Patterns\Proxy\Proxy.csproj", "{11A483E1-5557-462D-8909-BDE87E6C7DBA}"
EndProject
Project("{FAE04EC0-301F-11D3-BF4B-00C04F79EFBC}") = "Test.Proxy", "Structual Patterns\Tests\Test.Proxy\Test.Proxy.csproj", "{86A535DA-934E-4A92-9458-BA31DACD3517}"
EndProject
Global
	GlobalSection(SolutionConfigurationPlatforms) = preSolution
		Debug|Any CPU = Debug|Any CPU
		Release|Any CPU = Release|Any CPU
	EndGlobalSection
	GlobalSection(ProjectConfigurationPlatforms) = postSolution
		{1726EA67-FFB0-444A-A62A-F684C1C03CFF}.Debug|Any CPU.ActiveCfg = Debug|Any CPU
		{1726EA67-FFB0-444A-A62A-F684C1C03CFF}.Debug|Any CPU.Build.0 = Debug|Any CPU
		{1726EA67-FFB0-444A-A62A-F684C1C03CFF}.Release|Any CPU.ActiveCfg = Release|Any CPU
		{1726EA67-FFB0-444A-A62A-F684C1C03CFF}.Release|Any CPU.Build.0 = Release|Any CPU
		{7AA01EC1-6ECF-4C82-BAFC-2FE2563910B2}.Debug|Any CPU.ActiveCfg = Debug|Any CPU
		{7AA01EC1-6ECF-4C82-BAFC-2FE2563910B2}.Debug|Any CPU.Build.0 = Debug|Any CPU
		{7AA01EC1-6ECF-4C82-BAFC-2FE2563910B2}.Release|Any CPU.ActiveCfg = Release|Any CPU
		{7AA01EC1-6ECF-4C82-BAFC-2FE2563910B2}.Release|Any CPU.Build.0 = Release|Any CPU
		{676BDD01-DA60-45CE-B3B1-7B399D4B3A14}.Debug|Any CPU.ActiveCfg = Debug|Any CPU
		{676BDD01-DA60-45CE-B3B1-7B399D4B3A14}.Debug|Any CPU.Build.0 = Debug|Any CPU
		{676BDD01-DA60-45CE-B3B1-7B399D4B3A14}.Release|Any CPU.ActiveCfg = Release|Any CPU
		{676BDD01-DA60-45CE-B3B1-7B399D4B3A14}.Release|Any CPU.Build.0 = Release|Any CPU
		{4276FE89-77D0-4754-8D68-1E4CBFE3FF0C}.Debug|Any CPU.ActiveCfg = Debug|Any CPU
		{4276FE89-77D0-4754-8D68-1E4CBFE3FF0C}.Debug|Any CPU.Build.0 = Debug|Any CPU
		{4276FE89-77D0-4754-8D68-1E4CBFE3FF0C}.Release|Any CPU.ActiveCfg = Release|Any CPU
		{4276FE89-77D0-4754-8D68-1E4CBFE3FF0C}.Release|Any CPU.Build.0 = Release|Any CPU
		{2517C338-2F81-4648-9B17-9C38C329389E}.Debug|Any CPU.ActiveCfg = Debug|Any CPU
		{2517C338-2F81-4648-9B17-9C38C329389E}.Debug|Any CPU.Build.0 = Debug|Any CPU
		{2517C338-2F81-4648-9B17-9C38C329389E}.Release|Any CPU.ActiveCfg = Release|Any CPU
		{2517C338-2F81-4648-9B17-9C38C329389E}.Release|Any CPU.Build.0 = Release|Any CPU
		{2C3D38F8-81A6-43A6-82AA-5374798DFE84}.Debug|Any CPU.ActiveCfg = Debug|Any CPU
		{2C3D38F8-81A6-43A6-82AA-5374798DFE84}.Debug|Any CPU.Build.0 = Debug|Any CPU
		{2C3D38F8-81A6-43A6-82AA-5374798DFE84}.Release|Any CPU.ActiveCfg = Release|Any CPU
		{2C3D38F8-81A6-43A6-82AA-5374798DFE84}.Release|Any CPU.Build.0 = Release|Any CPU
		{2FBDAE15-7565-4B20-A6DF-AF56F2DC6F0A}.Debug|Any CPU.ActiveCfg = Debug|Any CPU
		{2FBDAE15-7565-4B20-A6DF-AF56F2DC6F0A}.Debug|Any CPU.Build.0 = Debug|Any CPU
		{2FBDAE15-7565-4B20-A6DF-AF56F2DC6F0A}.Release|Any CPU.ActiveCfg = Release|Any CPU
		{2FBDAE15-7565-4B20-A6DF-AF56F2DC6F0A}.Release|Any CPU.Build.0 = Release|Any CPU
		{C6641B24-0090-4909-B7C2-5DD3546BA18C}.Debug|Any CPU.ActiveCfg = Debug|Any CPU
		{C6641B24-0090-4909-B7C2-5DD3546BA18C}.Debug|Any CPU.Build.0 = Debug|Any CPU
		{C6641B24-0090-4909-B7C2-5DD3546BA18C}.Release|Any CPU.ActiveCfg = Release|Any CPU
		{C6641B24-0090-4909-B7C2-5DD3546BA18C}.Release|Any CPU.Build.0 = Release|Any CPU
		{37EA28CC-23F9-4CAA-A3A0-70646158B959}.Debug|Any CPU.ActiveCfg = Debug|Any CPU
		{37EA28CC-23F9-4CAA-A3A0-70646158B959}.Debug|Any CPU.Build.0 = Debug|Any CPU
		{37EA28CC-23F9-4CAA-A3A0-70646158B959}.Release|Any CPU.ActiveCfg = Release|Any CPU
		{37EA28CC-23F9-4CAA-A3A0-70646158B959}.Release|Any CPU.Build.0 = Release|Any CPU
		{9FADD51B-5AE9-452D-B249-C815E5D77086}.Debug|Any CPU.ActiveCfg = Debug|Any CPU
		{9FADD51B-5AE9-452D-B249-C815E5D77086}.Debug|Any CPU.Build.0 = Debug|Any CPU
		{9FADD51B-5AE9-452D-B249-C815E5D77086}.Release|Any CPU.ActiveCfg = Release|Any CPU
		{9FADD51B-5AE9-452D-B249-C815E5D77086}.Release|Any CPU.Build.0 = Release|Any CPU
		{6C39CDB1-2336-456D-AA49-03DE043C6E51}.Debug|Any CPU.ActiveCfg = Debug|Any CPU
		{6C39CDB1-2336-456D-AA49-03DE043C6E51}.Debug|Any CPU.Build.0 = Debug|Any CPU
		{6C39CDB1-2336-456D-AA49-03DE043C6E51}.Release|Any CPU.ActiveCfg = Release|Any CPU
		{6C39CDB1-2336-456D-AA49-03DE043C6E51}.Release|Any CPU.Build.0 = Release|Any CPU
		{DB4DA10E-E181-4D62-8BF5-48E04405AC64}.Debug|Any CPU.ActiveCfg = Debug|Any CPU
		{DB4DA10E-E181-4D62-8BF5-48E04405AC64}.Debug|Any CPU.Build.0 = Debug|Any CPU
		{DB4DA10E-E181-4D62-8BF5-48E04405AC64}.Release|Any CPU.ActiveCfg = Release|Any CPU
		{DB4DA10E-E181-4D62-8BF5-48E04405AC64}.Release|Any CPU.Build.0 = Release|Any CPU
		{947B12E1-9357-4DE5-A90B-C35683BA07E0}.Debug|Any CPU.ActiveCfg = Debug|Any CPU
		{947B12E1-9357-4DE5-A90B-C35683BA07E0}.Debug|Any CPU.Build.0 = Debug|Any CPU
		{947B12E1-9357-4DE5-A90B-C35683BA07E0}.Release|Any CPU.ActiveCfg = Release|Any CPU
		{947B12E1-9357-4DE5-A90B-C35683BA07E0}.Release|Any CPU.Build.0 = Release|Any CPU
		{35B11073-8074-48B1-81C4-C0F77040875E}.Debug|Any CPU.ActiveCfg = Debug|Any CPU
		{35B11073-8074-48B1-81C4-C0F77040875E}.Debug|Any CPU.Build.0 = Debug|Any CPU
		{35B11073-8074-48B1-81C4-C0F77040875E}.Release|Any CPU.ActiveCfg = Release|Any CPU
		{35B11073-8074-48B1-81C4-C0F77040875E}.Release|Any CPU.Build.0 = Release|Any CPU
		{94F0A974-6F6C-408F-8CB4-B762F1D9E617}.Debug|Any CPU.ActiveCfg = Debug|Any CPU
		{94F0A974-6F6C-408F-8CB4-B762F1D9E617}.Debug|Any CPU.Build.0 = Debug|Any CPU
		{94F0A974-6F6C-408F-8CB4-B762F1D9E617}.Release|Any CPU.ActiveCfg = Release|Any CPU
		{94F0A974-6F6C-408F-8CB4-B762F1D9E617}.Release|Any CPU.Build.0 = Release|Any CPU
		{78CA44F0-4604-47DE-A5BF-A1E73E920C75}.Debug|Any CPU.ActiveCfg = Debug|Any CPU
		{78CA44F0-4604-47DE-A5BF-A1E73E920C75}.Debug|Any CPU.Build.0 = Debug|Any CPU
		{78CA44F0-4604-47DE-A5BF-A1E73E920C75}.Release|Any CPU.ActiveCfg = Release|Any CPU
		{78CA44F0-4604-47DE-A5BF-A1E73E920C75}.Release|Any CPU.Build.0 = Release|Any CPU
		{811C8829-D824-4C47-A444-4F76642FA625}.Debug|Any CPU.ActiveCfg = Debug|Any CPU
		{811C8829-D824-4C47-A444-4F76642FA625}.Debug|Any CPU.Build.0 = Debug|Any CPU
		{811C8829-D824-4C47-A444-4F76642FA625}.Release|Any CPU.ActiveCfg = Release|Any CPU
		{811C8829-D824-4C47-A444-4F76642FA625}.Release|Any CPU.Build.0 = Release|Any CPU
		{105D4ED3-B471-4583-8B7C-F17F82723A21}.Debug|Any CPU.ActiveCfg = Debug|Any CPU
		{105D4ED3-B471-4583-8B7C-F17F82723A21}.Debug|Any CPU.Build.0 = Debug|Any CPU
		{105D4ED3-B471-4583-8B7C-F17F82723A21}.Release|Any CPU.ActiveCfg = Release|Any CPU
		{105D4ED3-B471-4583-8B7C-F17F82723A21}.Release|Any CPU.Build.0 = Release|Any CPU
		{1A93824D-D905-4706-B2FE-6AA4BBB186F2}.Debug|Any CPU.ActiveCfg = Debug|Any CPU
		{1A93824D-D905-4706-B2FE-6AA4BBB186F2}.Debug|Any CPU.Build.0 = Debug|Any CPU
		{1A93824D-D905-4706-B2FE-6AA4BBB186F2}.Release|Any CPU.ActiveCfg = Release|Any CPU
		{1A93824D-D905-4706-B2FE-6AA4BBB186F2}.Release|Any CPU.Build.0 = Release|Any CPU
		{152337AB-3292-4924-8A78-AC3E32AC754F}.Debug|Any CPU.ActiveCfg = Debug|Any CPU
		{152337AB-3292-4924-8A78-AC3E32AC754F}.Debug|Any CPU.Build.0 = Debug|Any CPU
		{152337AB-3292-4924-8A78-AC3E32AC754F}.Release|Any CPU.ActiveCfg = Release|Any CPU
		{152337AB-3292-4924-8A78-AC3E32AC754F}.Release|Any CPU.Build.0 = Release|Any CPU
		{57CFB407-AB90-4DFC-B371-134A5AAEDA89}.Debug|Any CPU.ActiveCfg = Debug|Any CPU
		{57CFB407-AB90-4DFC-B371-134A5AAEDA89}.Debug|Any CPU.Build.0 = Debug|Any CPU
		{57CFB407-AB90-4DFC-B371-134A5AAEDA89}.Release|Any CPU.ActiveCfg = Release|Any CPU
		{57CFB407-AB90-4DFC-B371-134A5AAEDA89}.Release|Any CPU.Build.0 = Release|Any CPU
		{3DD3F0E9-E052-42A1-BA62-0C1027A5F3E6}.Debug|Any CPU.ActiveCfg = Debug|Any CPU
		{3DD3F0E9-E052-42A1-BA62-0C1027A5F3E6}.Debug|Any CPU.Build.0 = Debug|Any CPU
		{3DD3F0E9-E052-42A1-BA62-0C1027A5F3E6}.Release|Any CPU.ActiveCfg = Release|Any CPU
		{3DD3F0E9-E052-42A1-BA62-0C1027A5F3E6}.Release|Any CPU.Build.0 = Release|Any CPU
		{E232EDD5-3A83-43CA-8549-7566C669E913}.Debug|Any CPU.ActiveCfg = Debug|Any CPU
		{E232EDD5-3A83-43CA-8549-7566C669E913}.Debug|Any CPU.Build.0 = Debug|Any CPU
		{E232EDD5-3A83-43CA-8549-7566C669E913}.Release|Any CPU.ActiveCfg = Release|Any CPU
		{E232EDD5-3A83-43CA-8549-7566C669E913}.Release|Any CPU.Build.0 = Release|Any CPU
		{11A483E1-5557-462D-8909-BDE87E6C7DBA}.Debug|Any CPU.ActiveCfg = Debug|Any CPU
		{11A483E1-5557-462D-8909-BDE87E6C7DBA}.Debug|Any CPU.Build.0 = Debug|Any CPU
		{11A483E1-5557-462D-8909-BDE87E6C7DBA}.Release|Any CPU.ActiveCfg = Release|Any CPU
		{11A483E1-5557-462D-8909-BDE87E6C7DBA}.Release|Any CPU.Build.0 = Release|Any CPU
		{86A535DA-934E-4A92-9458-BA31DACD3517}.Debug|Any CPU.ActiveCfg = Debug|Any CPU
		{86A535DA-934E-4A92-9458-BA31DACD3517}.Debug|Any CPU.Build.0 = Debug|Any CPU
		{86A535DA-934E-4A92-9458-BA31DACD3517}.Release|Any CPU.ActiveCfg = Release|Any CPU
		{86A535DA-934E-4A92-9458-BA31DACD3517}.Release|Any CPU.Build.0 = Release|Any CPU
	EndGlobalSection
	GlobalSection(SolutionProperties) = preSolution
		HideSolutionNode = FALSE
	EndGlobalSection
	GlobalSection(NestedProjects) = preSolution
		{1726EA67-FFB0-444A-A62A-F684C1C03CFF} = {BE4846B8-E907-4E6C-AAF5-41AE2E45E6B6}
		{7AA01EC1-6ECF-4C82-BAFC-2FE2563910B2} = {FA8A1C90-26E2-4D68-8362-543AA5F99CCD}
		{676BDD01-DA60-45CE-B3B1-7B399D4B3A14} = {09F1A4DD-0CF5-42FD-BE5F-1D71C6099594}
		{F4CC035B-206E-40BD-A631-1DC2C54347B0} = {BE4846B8-E907-4E6C-AAF5-41AE2E45E6B6}
		{4276FE89-77D0-4754-8D68-1E4CBFE3FF0C} = {F4CC035B-206E-40BD-A631-1DC2C54347B0}
		{2517C338-2F81-4648-9B17-9C38C329389E} = {F4CC035B-206E-40BD-A631-1DC2C54347B0}
		{7AD3AFA4-7059-4665-89E2-F70EC0976C5D} = {FA8A1C90-26E2-4D68-8362-543AA5F99CCD}
		{2C3D38F8-81A6-43A6-82AA-5374798DFE84} = {BE4846B8-E907-4E6C-AAF5-41AE2E45E6B6}
		{2FBDAE15-7565-4B20-A6DF-AF56F2DC6F0A} = {7AD3AFA4-7059-4665-89E2-F70EC0976C5D}
		{C6641B24-0090-4909-B7C2-5DD3546BA18C} = {BE4846B8-E907-4E6C-AAF5-41AE2E45E6B6}
		{37EA28CC-23F9-4CAA-A3A0-70646158B959} = {BE4846B8-E907-4E6C-AAF5-41AE2E45E6B6}
		{9FADD51B-5AE9-452D-B249-C815E5D77086} = {BE4846B8-E907-4E6C-AAF5-41AE2E45E6B6}
		{6C39CDB1-2336-456D-AA49-03DE043C6E51} = {F4CC035B-206E-40BD-A631-1DC2C54347B0}
		{DB4DA10E-E181-4D62-8BF5-48E04405AC64} = {F4CC035B-206E-40BD-A631-1DC2C54347B0}
		{947B12E1-9357-4DE5-A90B-C35683BA07E0} = {F4CC035B-206E-40BD-A631-1DC2C54347B0}
		{35B11073-8074-48B1-81C4-C0F77040875E} = {FA8A1C90-26E2-4D68-8362-543AA5F99CCD}
		{94F0A974-6F6C-408F-8CB4-B762F1D9E617} = {7AD3AFA4-7059-4665-89E2-F70EC0976C5D}
		{78CA44F0-4604-47DE-A5BF-A1E73E920C75} = {FA8A1C90-26E2-4D68-8362-543AA5F99CCD}
		{811C8829-D824-4C47-A444-4F76642FA625} = {7AD3AFA4-7059-4665-89E2-F70EC0976C5D}
		{105D4ED3-B471-4583-8B7C-F17F82723A21} = {FA8A1C90-26E2-4D68-8362-543AA5F99CCD}
		{1A93824D-D905-4706-B2FE-6AA4BBB186F2} = {7AD3AFA4-7059-4665-89E2-F70EC0976C5D}
		{152337AB-3292-4924-8A78-AC3E32AC754F} = {FA8A1C90-26E2-4D68-8362-543AA5F99CCD}
		{57CFB407-AB90-4DFC-B371-134A5AAEDA89} = {FA8A1C90-26E2-4D68-8362-543AA5F99CCD}
		{3DD3F0E9-E052-42A1-BA62-0C1027A5F3E6} = {7AD3AFA4-7059-4665-89E2-F70EC0976C5D}
		{E232EDD5-3A83-43CA-8549-7566C669E913} = {7AD3AFA4-7059-4665-89E2-F70EC0976C5D}
		{11A483E1-5557-462D-8909-BDE87E6C7DBA} = {FA8A1C90-26E2-4D68-8362-543AA5F99CCD}
		{86A535DA-934E-4A92-9458-BA31DACD3517} = {7AD3AFA4-7059-4665-89E2-F70EC0976C5D}
	EndGlobalSection
	GlobalSection(ExtensibilityGlobals) = postSolution
		SolutionGuid = {7D461558-A48A-41A0-8082-D1C20EAF0EB5}
	EndGlobalSection
EndGlobal
